{
    "_readme": [
        "This file locks the dependencies of your project to a known state",
        "Read more about it at https://getcomposer.org/doc/01-basic-usage.md#installing-dependencies",
        "This file is @generated automatically"
    ],
    "content-hash": "9b2741c779ced1cbf95a3246b15e10c0",
    "packages": [
        {
            "name": "components/bootstrap",
            "version": "3.4.1",
            "source": {
                "type": "git",
                "url": "https://github.com/components/bootstrap.git",
                "reference": "427f4d414fc6ae8385aee02b7efc8e391eb141ad"
            },
            "dist": {
                "type": "zip",
                "url": "https://api.github.com/repos/components/bootstrap/zipball/427f4d414fc6ae8385aee02b7efc8e391eb141ad",
                "reference": "427f4d414fc6ae8385aee02b7efc8e391eb141ad",
                "shasum": ""
            },
            "require": {
                "components/jquery": "1.9.1 - 3"
            },
            "suggest": {
                "components/bootstrap-default": "Provide a theme for Bootstrap as components/bootstrap only provides the CSS as file assets"
            },
            "type": "component",
            "extra": {
                "component": {
                    "scripts": [
                        "js/bootstrap.js"
                    ],
                    "files": [
                        "js/*.js",
                        "css/*.css",
                        "css/*.map",
                        "fonts/*",
                        "less/mixins/*.less",
                        "less/*.less"
                    ],
                    "shim": {
                        "deps": [
                            "jquery"
                        ]
                    }
                }
            },
            "notification-url": "https://packagist.org/downloads/",
            "license": [
                "MIT"
            ],
            "authors": [
                {
                    "name": "Jacob Thornton",
                    "email": "jacobthornton@gmail.com"
                },
                {
                    "name": "Mark Otto",
                    "email": "markdotto@gmail.com"
                }
            ],
            "description": "The most popular front-end framework for developing responsive, mobile first projects on the web.",
            "homepage": "http://getbootstrap.com",
            "keywords": [
                "css",
                "framework",
                "front-end",
                "less",
                "mobile-first",
                "responsive",
                "web"
            ],
            "time": "2019-05-08T19:36:29+00:00"
        },
        {
            "name": "components/jquery",
            "version": "3.5.1",
            "source": {
                "type": "git",
                "url": "https://github.com/components/jquery.git",
                "reference": "b33e8f0f9a1cb2ae390cf05d766a900b53d2125b"
            },
            "dist": {
                "type": "zip",
                "url": "https://api.github.com/repos/components/jquery/zipball/b33e8f0f9a1cb2ae390cf05d766a900b53d2125b",
                "reference": "b33e8f0f9a1cb2ae390cf05d766a900b53d2125b",
                "shasum": ""
            },
            "type": "component",
            "extra": {
                "component": {
                    "scripts": [
                        "jquery.js"
                    ],
                    "files": [
                        "jquery.min.js",
                        "jquery.min.map",
                        "jquery.slim.js",
                        "jquery.slim.min.js",
                        "jquery.slim.min.map"
                    ]
                }
            },
            "notification-url": "https://packagist.org/downloads/",
            "license": [
                "MIT"
            ],
            "authors": [
                {
                    "name": "JS Foundation and other contributors"
                }
            ],
            "description": "jQuery JavaScript Library",
            "homepage": "http://jquery.com",
            "time": "2020-05-05T13:21:02+00:00"
        },
        {
            "name": "components/jqueryui",
            "version": "1.12.1",
            "source": {
                "type": "git",
                "url": "https://github.com/components/jqueryui.git",
                "reference": "44ecf3794cc56b65954cc19737234a3119d036cc"
            },
            "dist": {
                "type": "zip",
                "url": "https://api.github.com/repos/components/jqueryui/zipball/44ecf3794cc56b65954cc19737234a3119d036cc",
                "reference": "44ecf3794cc56b65954cc19737234a3119d036cc",
                "shasum": ""
            },
            "require": {
                "components/jquery": ">=1.6"
            },
            "type": "component",
            "extra": {
                "component": {
                    "name": "jquery-ui",
                    "scripts": [
                        "jquery-ui.js"
                    ],
                    "files": [
                        "ui/**",
                        "themes/**",
                        "jquery-ui.min.js"
                    ],
                    "shim": {
                        "deps": [
                            "jquery"
                        ],
                        "exports": "jQuery"
                    }
                }
            },
            "notification-url": "https://packagist.org/downloads/",
            "license": [
                "MIT"
            ],
            "authors": [
                {
                    "name": "jQuery UI Team",
                    "homepage": "http://jqueryui.com/about"
                },
                {
                    "name": "Joern Zaefferer",
                    "email": "joern.zaefferer@gmail.com",
                    "homepage": "http://bassistance.de"
                },
                {
                    "name": "Scott Gonzalez",
                    "email": "scott.gonzalez@gmail.com",
                    "homepage": "http://scottgonzalez.com"
                },
                {
                    "name": "Kris Borchers",
                    "email": "kris.borchers@gmail.com",
                    "homepage": "http://krisborchers.com"
                },
                {
                    "name": "Mike Sherov",
                    "email": "mike.sherov@gmail.com",
                    "homepage": "http://mike.sherov.com"
                },
                {
                    "name": "TJ VanToll",
                    "email": "tj.vantoll@gmail.com",
                    "homepage": "http://tjvantoll.com"
                },
                {
                    "name": "Corey Frang",
                    "email": "gnarf37@gmail.com",
                    "homepage": "http://gnarf.net"
                },
                {
                    "name": "Felix Nagel",
                    "email": "info@felixnagel.com",
                    "homepage": "http://www.felixnagel.com"
                }
            ],
            "description": "jQuery UI is a curated set of user interface interactions, effects, widgets, and themes built on top of the jQuery JavaScript Library. Whether you're building highly interactive web applications or you just need to add a date picker to a form control, jQuery UI is the perfect choice.",
            "time": "2016-09-16T05:47:55+00:00"
        },
        {
            "name": "datatables/datatables",
            "version": "1.10.21",
            "source": {
                "type": "git",
                "url": "https://github.com/DataTables/DataTables.git",
                "reference": "83e59694a105225ff889ddfa0d723a3ab24fda78"
            },
            "dist": {
                "type": "zip",
                "url": "https://api.github.com/repos/DataTables/DataTables/zipball/83e59694a105225ff889ddfa0d723a3ab24fda78",
                "reference": "83e59694a105225ff889ddfa0d723a3ab24fda78",
                "shasum": ""
            },
            "type": "library",
            "notification-url": "https://packagist.org/downloads/",
            "license": [
                "MIT"
            ],
            "description": "DataTables is a plug-in for the jQuery Javascript library. It is a highly flexible tool, based upon the foundations of progressive enhancement, which will add advanced interaction controls to any HTML table.",
            "homepage": "http://www.datatables.net/",
            "time": "2020-05-21T10:08:44+00:00"
        },
        {
            "name": "eternicode/bootstrap-datepicker",
            "version": "v1.9.0",
            "source": {
                "type": "git",
                "url": "https://github.com/uxsolutions/bootstrap-datepicker.git",
                "reference": "fb8776d65825068b9f914ab37d6fd847c951f488"
            },
            "dist": {
                "type": "zip",
                "url": "https://api.github.com/repos/uxsolutions/bootstrap-datepicker/zipball/fb8776d65825068b9f914ab37d6fd847c951f488",
                "reference": "fb8776d65825068b9f914ab37d6fd847c951f488",
                "shasum": ""
            },
            "require": {
                "components/bootstrap": ">=2.0, <4.0",
                "components/jquery": ">=1.7.1, <4.0.0",
                "robloach/component-installer": "*"
            },
            "type": "component",
            "extra": {
                "component": {
                    "scripts": [
                        "js/bootstrap-datepicker.js"
                    ],
                    "styles": [
                        "dist/css/bootstrap-datepicker.css",
                        "dist/css/bootstrap-datepicker3.css"
                    ],
                    "files": [
                        "js/locales/bootstrap-datepicker.*.js"
                    ]
                }
            },
            "notification-url": "https://packagist.org/downloads/",
            "license": [
                "Apache-2.0"
            ],
            "authors": [
                {
                    "name": "Andrew Rowls",
                    "email": "eternicode@gmail.com"
                },
                {
                    "name": "Community",
                    "homepage": "https://github.com/uxsolutions/bootstrap-datepicker/contributors"
                }
            ],
            "description": "A datepicker for Bootstrap",
            "keywords": [
                "bootstrap",
                "datepicker"
            ],
            "time": "2019-05-20T07:36:46+00:00"
        },
        {
            "name": "kriswallsmith/assetic",
            "version": "v1.4.0",
            "source": {
                "type": "git",
                "url": "https://github.com/kriswallsmith/assetic.git",
                "reference": "e911c437dbdf006a8f62c2f59b15b2d69a5e0aa1"
            },
            "dist": {
                "type": "zip",
                "url": "https://api.github.com/repos/kriswallsmith/assetic/zipball/e911c437dbdf006a8f62c2f59b15b2d69a5e0aa1",
                "reference": "e911c437dbdf006a8f62c2f59b15b2d69a5e0aa1",
                "shasum": ""
            },
            "require": {
                "php": ">=5.3.1",
                "symfony/process": "~2.1|~3.0"
            },
            "conflict": {
                "twig/twig": "<1.27"
            },
            "require-dev": {
                "leafo/lessphp": "^0.3.7",
                "leafo/scssphp": "~0.1",
                "meenie/javascript-packer": "^1.1",
                "mrclay/minify": "<2.3",
                "natxet/cssmin": "3.0.4",
                "patchwork/jsqueeze": "~1.0|~2.0",
                "phpunit/phpunit": "~4.8 || ^5.6",
                "psr/log": "~1.0",
                "ptachoire/cssembed": "~1.0",
                "symfony/phpunit-bridge": "~2.7|~3.0",
                "twig/twig": "~1.23|~2.0",
                "yfix/packager": "dev-master"
            },
            "suggest": {
                "leafo/lessphp": "Assetic provides the integration with the lessphp LESS compiler",
                "leafo/scssphp": "Assetic provides the integration with the scssphp SCSS compiler",
                "leafo/scssphp-compass": "Assetic provides the integration with the SCSS compass plugin",
                "patchwork/jsqueeze": "Assetic provides the integration with the JSqueeze JavaScript compressor",
                "ptachoire/cssembed": "Assetic provides the integration with phpcssembed to embed data uris",
                "twig/twig": "Assetic provides the integration with the Twig templating engine"
            },
            "type": "library",
            "extra": {
                "branch-alias": {
                    "dev-master": "1.4-dev"
                }
            },
            "autoload": {
                "psr-0": {
                    "Assetic": "src/"
                },
                "files": [
                    "src/functions.php"
                ]
            },
            "notification-url": "https://packagist.org/downloads/",
            "license": [
                "MIT"
            ],
            "authors": [
                {
                    "name": "Kris Wallsmith",
                    "email": "kris.wallsmith@gmail.com",
                    "homepage": "http://kriswallsmith.net/"
                }
            ],
            "description": "Asset Management for PHP",
            "homepage": "https://github.com/kriswallsmith/assetic",
            "keywords": [
                "assets",
                "compression",
                "minification"
            ],
            "time": "2016-11-11T18:43:20+00:00"
        },
        {
            "name": "robloach/component-installer",
            "version": "0.2.3",
            "source": {
                "type": "git",
                "url": "https://github.com/RobLoach/component-installer.git",
                "reference": "908a859aa7c4949ba9ad67091e67bac10b66d3d7"
            },
            "dist": {
                "type": "zip",
                "url": "https://api.github.com/repos/RobLoach/component-installer/zipball/908a859aa7c4949ba9ad67091e67bac10b66d3d7",
                "reference": "908a859aa7c4949ba9ad67091e67bac10b66d3d7",
                "shasum": ""
            },
            "require": {
                "composer-plugin-api": "^1.0",
                "kriswallsmith/assetic": "1.*",
                "php": ">=5.3.2"
            },
            "require-dev": {
                "composer/composer": "1.*@alpha",
                "phpunit/phpunit": "4.*"
            },
            "type": "composer-plugin",
            "extra": {
                "branch-alias": {
                    "dev-master": "1.0.x-dev"
                },
                "class": "ComponentInstaller\\ComponentInstallerPlugin"
            },
            "autoload": {
                "psr-0": {
                    "ComponentInstaller": "src/"
                }
            },
            "notification-url": "https://packagist.org/downloads/",
            "license": [
                "MIT"
            ],
            "authors": [
                {
                    "name": "Rob Loach",
                    "homepage": "http://robloach.net"
                }
            ],
            "description": "Allows installation of Components via Composer.",
            "abandoned": "oomphinc/composer-installers-extender",
            "time": "2015-08-10T12:35:38+00:00"
        },
        {
            "name": "symfony/process",
            "version": "v3.4.44",
            "source": {
                "type": "git",
                "url": "https://github.com/symfony/process.git",
                "reference": "af8d812d75fcdf2eae30928b42396fe17df137e4"
            },
            "dist": {
                "type": "zip",
                "url": "https://api.github.com/repos/symfony/process/zipball/af8d812d75fcdf2eae30928b42396fe17df137e4",
                "reference": "af8d812d75fcdf2eae30928b42396fe17df137e4",
                "shasum": ""
            },
            "require": {
                "php": "^5.5.9|>=7.0.8"
            },
            "type": "library",
            "extra": {
                "branch-alias": {
                    "dev-master": "3.4-dev"
                }
            },
            "autoload": {
                "psr-4": {
                    "Symfony\\Component\\Process\\": ""
                },
                "exclude-from-classmap": [
                    "/Tests/"
                ]
            },
            "notification-url": "https://packagist.org/downloads/",
            "license": [
                "MIT"
            ],
            "authors": [
                {
                    "name": "Fabien Potencier",
                    "email": "fabien@symfony.com"
                },
                {
                    "name": "Symfony Community",
                    "homepage": "https://symfony.com/contributors"
                }
            ],
            "description": "Symfony Process Component",
            "homepage": "https://symfony.com",
            "funding": [
                {
                    "url": "https://symfony.com/sponsor",
                    "type": "custom"
                },
                {
                    "url": "https://github.com/fabpot",
                    "type": "github"
                },
                {
                    "url": "https://tidelift.com/funding/github/packagist/symfony/symfony",
                    "type": "tidelift"
                }
            ],
            "time": "2020-07-16T09:41:49+00:00"
        },
        {
            "name": "twbs/bootstrap",
            "version": "v4.5.2",
            "source": {
                "type": "git",
                "url": "https://github.com/twbs/bootstrap.git",
                "reference": "5f2480a90ab911babc53039835fe78c6fc12646d"
            },
            "dist": {
                "type": "zip",
                "url": "https://api.github.com/repos/twbs/bootstrap/zipball/5f2480a90ab911babc53039835fe78c6fc12646d",
                "reference": "5f2480a90ab911babc53039835fe78c6fc12646d",
                "shasum": ""
            },
            "replace": {
                "twitter/bootstrap": "self.version"
            },
            "type": "library",
            "extra": {
                "branch-alias": {
                    "dev-master": "3.3.x-dev"
                }
            },
            "notification-url": "https://packagist.org/downloads/",
            "license": [
                "MIT"
            ],
            "authors": [
                {
                    "name": "Mark Otto",
                    "email": "markdotto@gmail.com"
                },
                {
                    "name": "Jacob Thornton",
                    "email": "jacobthornton@gmail.com"
                }
            ],
            "description": "The most popular front-end framework for developing responsive, mobile first projects on the web.",
            "homepage": "https://getbootstrap.com/",
            "keywords": [
                "JS",
                "css",
                "framework",
                "front-end",
                "mobile-first",
                "responsive",
                "sass",
                "web"
            ],
            "funding": [
                {
                    "url": "https://opencollective.com/bootstrap",
                    "type": "open_collective"
                }
            ],
            "time": "2020-08-06T16:22:43+00:00"
        }
    ],
    "packages-dev": [],
    "aliases": [],
    "minimum-stability": "stable",
    "stability-flags": [],
    "prefer-stable": false,
    "prefer-lowest": false,
    "platform": {
        "php": "^7.4"
    },
    "platform-dev": [],
    "plugin-api-version": "1.1.0"
}
